
Microsoft Visual Studio Solution File, Format Version 12.00
# Visual Studio Version 17
VisualStudioVersion = 17.9.34728.123
MinimumVisualStudioVersion = 10.0.40219.1
Project("{FAE04EC0-301F-11D3-BF4B-00C04F79EFBC}") = "GUI_BBMS", "..\GUI_BBMS\GUI_BBMS.csproj", "{D542E7E7-9207-4905-9B9E-3A584ACD4A3D}"
EndProject
Project("{FAE04EC0-301F-11D3-BF4B-00C04F79EFBC}") = "BUS_BBMS", "..\BUS_BBMS\BUS_BBMS.csproj", "{D6F708AB-A3C3-4A6D-AC63-B200B8F6CCDA}"
EndProject
Project("{FAE04EC0-301F-11D3-BF4B-00C04F79EFBC}") = "DAL_BBMS", "..\DAL_BBMS\DAL_BBMS.csproj", "{4A20E46A-C1DB-4227-B444-99A0760B980B}"
EndProject
Project("{FAE04EC0-301F-11D3-BF4B-00C04F79EFBC}") = "DTO_BBMS", "..\DTO_BBMS\DTO_BBMS.csproj", "{564FB356-B6F4-4541-87EC-168E79D7F795}"
EndProject
Global
	GlobalSection(SolutionConfigurationPlatforms) = preSolution
		Debug|Any CPU = Debug|Any CPU
		Release|Any CPU = Release|Any CPU
	EndGlobalSection
	GlobalSection(ProjectConfigurationPlatforms) = postSolution
		{D542E7E7-9207-4905-9B9E-3A584ACD4A3D}.Debug|Any CPU.ActiveCfg = Debug|Any CPU
		{D542E7E7-9207-4905-9B9E-3A584ACD4A3D}.Debug|Any CPU.Build.0 = Debug|Any CPU
		{D542E7E7-9207-4905-9B9E-3A584ACD4A3D}.Release|Any CPU.ActiveCfg = Release|Any CPU
		{D542E7E7-9207-4905-9B9E-3A584ACD4A3D}.Release|Any CPU.Build.0 = Release|Any CPU
		{D6F708AB-A3C3-4A6D-AC63-B200B8F6CCDA}.Debug|Any CPU.ActiveCfg = Debug|Any CPU
		{D6F708AB-A3C3-4A6D-AC63-B200B8F6CCDA}.Debug|Any CPU.Build.0 = Debug|Any CPU
		{D6F708AB-A3C3-4A6D-AC63-B200B8F6CCDA}.Release|Any CPU.ActiveCfg = Release|Any CPU
		{D6F708AB-A3C3-4A6D-AC63-B200B8F6CCDA}.Release|Any CPU.Build.0 = Release|Any CPU
		{4A20E46A-C1DB-4227-B444-99A0760B980B}.Debug|Any CPU.ActiveCfg = Debug|Any CPU
		{4A20E46A-C1DB-4227-B444-99A0760B980B}.Debug|Any CPU.Build.0 = Debug|Any CPU
		{4A20E46A-C1DB-4227-B444-99A0760B980B}.Release|Any CPU.ActiveCfg = Release|Any CPU
		{4A20E46A-C1DB-4227-B444-99A0760B980B}.Release|Any CPU.Build.0 = Release|Any CPU
		{564FB356-B6F4-4541-87EC-168E79D7F795}.Debug|Any CPU.ActiveCfg = Debug|Any CPU
		{564FB356-B6F4-4541-87EC-168E79D7F795}.Debug|Any CPU.Build.0 = Debug|Any CPU
		{564FB356-B6F4-4541-87EC-168E79D7F795}.Release|Any CPU.ActiveCfg = Release|Any CPU
		{564FB356-B6F4-4541-87EC-168E79D7F795}.Release|Any CPU.Build.0 = Release|Any CPU
	EndGlobalSection
	GlobalSection(SolutionProperties) = preSolution
		HideSolutionNode = FALSE
	EndGlobalSection
	GlobalSection(ExtensibilityGlobals) = postSolution
		SolutionGuid = {88C30896-49E7-4B17-B0B8-6A0E2A090F2C}
	EndGlobalSection
EndGlobal
